
Microsoft Visual Studio Solution File, Format Version 12.00
# Visual Studio Version 16
VisualStudioVersion = 16.0.29519.87
MinimumVisualStudioVersion = 10.0.40219.1
Project("{FAE04EC0-301F-11D3-BF4B-00C04F79EFBC}") = "SnackSeeker", "SnackSeeker\SnackSeeker.csproj", "{428F4725-8BFE-48F8-BE30-62454C8125E9}"
EndProject
Global
	GlobalSection(SolutionConfigurationPlatforms) = preSolution
		Debug|Any CPU = Debug|Any CPU
		Release|Any CPU = Release|Any CPU
	EndGlobalSection
	GlobalSection(ProjectConfigurationPlatforms) = postSolution
		{428F4725-8BFE-48F8-BE30-62454C8125E9}.Debug|Any CPU.ActiveCfg = Debug|Any CPU
		{428F4725-8BFE-48F8-BE30-62454C8125E9}.Debug|Any CPU.Build.0 = Debug|Any CPU
		{428F4725-8BFE-48F8-BE30-62454C8125E9}.Release|Any CPU.ActiveCfg = Release|Any CPU
		{428F4725-8BFE-48F8-BE30-62454C8125E9}.Release|Any CPU.Build.0 = Release|Any CPU
	EndGlobalSection
	GlobalSection(SolutionProperties) = preSolution
		HideSolutionNode = FALSE
	EndGlobalSection
	GlobalSection(ExtensibilityGlobals) = postSolution
		SolutionGuid = {B61C6C87-25D9-44B8-9281-7BCC09C97678}
	EndGlobalSection
EndGlobal
